
Microsoft Visual Studio Solution File, Format Version 12.00
# Visual Studio Version 17
VisualStudioVersion = 17.7.34024.191
MinimumVisualStudioVersion = 10.0.40219.1
Project("{FAE04EC0-301F-11D3-BF4B-00C04F79EFBC}") = "PZ_04", "PZ_04\PZ_04.csproj", "{32A0EEA2-02B8-4523-BD1B-9B22F45AD358}"
EndProject
Global
	GlobalSection(SolutionConfigurationPlatforms) = preSolution
		Debug|Any CPU = Debug|Any CPU
		Release|Any CPU = Release|Any CPU
	EndGlobalSection
	GlobalSection(ProjectConfigurationPlatforms) = postSolution
		{32A0EEA2-02B8-4523-BD1B-9B22F45AD358}.Debug|Any CPU.ActiveCfg = Debug|Any CPU
		{32A0EEA2-02B8-4523-BD1B-9B22F45AD358}.Debug|Any CPU.Build.0 = Debug|Any CPU
		{32A0EEA2-02B8-4523-BD1B-9B22F45AD358}.Release|Any CPU.ActiveCfg = Release|Any CPU
		{32A0EEA2-02B8-4523-BD1B-9B22F45AD358}.Release|Any CPU.Build.0 = Release|Any CPU
	EndGlobalSection
	GlobalSection(SolutionProperties) = preSolution
		HideSolutionNode = FALSE
	EndGlobalSection
	GlobalSection(ExtensibilityGlobals) = postSolution
		SolutionGuid = {F764AD46-D03B-4DB2-B2F7-C99B1DB40547}
	EndGlobalSection
EndGlobal
